PODS:
  - Masonry (1.1.0)
  - SDWebImage (4.4.2):
    - SDWebImage/Core (= 4.4.2)
  - SDWebImage/Core (4.4.2)

DEPENDENCIES:
  - Masonry
  - SDWebImage (from `https://github.com/rs/SDWebImage.git`, tag `4.4.2`)

SPEC REPOS:
  trunk:
    - Masonry

EXTERNAL SOURCES:
  SDWebImage:
    :git: https://github.com/rs/SDWebImage.git
    :tag: 4.4.2

CHECKOUT OPTIONS:
  SDWebImage:
    :git: https://github.com/rs/SDWebImage.git
    :tag: 4.4.2

SPEC CHECKSUMS:
  Masonry: 678fab65091a9290e40e2832a55e7ab731aad201
  SDWebImage: 624d6e296c69b244bcede364c72ae0430ac14681

PODFILE CHECKSUM: 7c7c645224c6c36154636259aeb2bb8266972c8a

COCOAPODS: 1.10.0
